{
  "originHash" : "faa848f929e781df8b4234d27d77457ccc7ebc06d8437cc70e0d973b5411ee77",
  "pins" : [
    {
      "identity" : "estrutura-de-dados",
      "kind" : "remoteSourceControl",
      "location" : "https://github.com/Faltrenn/estrutura-de-dados",
      "state" : {
        "branch" : "main",
        "revision" : "61fd700fa9690f093a0b97149add32d1268c4f98"
      }
    }
  ],
  "version" : 3
}
