{
  "originHash" : "870ea56078dbf49a05b513902ccd72e7d74fd22a9a8122336c1facf54e74adcb",
  "pins" : [
    {
      "identity" : "estrutura-de-dados",
      "kind" : "remoteSourceControl",
      "location" : "https://github.com/Faltrenn/estrutura-de-dados",
      "state" : {
        "branch" : "main",
        "revision" : "4539efb39bf468808591215c1ecc7e6bda8871c1"
      }
    }
  ],
  "version" : 3
}
